
Microsoft Visual Studio Solution File, Format Version 12.00
# Visual Studio Version 17
VisualStudioVersion = 17.1.32319.34
MinimumVisualStudioVersion = 10.0.40219.1
Project("{9A19103F-16F7-4668-BE54-9A1E7A4F7556}") = "Entidades", "Entidades\Entidades.csproj", "{84473CDF-442E-4995-A8C8-F7A8BB6DCC9B}"
EndProject
Global
	GlobalSection(SolutionConfigurationPlatforms) = preSolution
		Debug|Any CPU = Debug|Any CPU
		Release|Any CPU = Release|Any CPU
	EndGlobalSection
	GlobalSection(ProjectConfigurationPlatforms) = postSolution
		{84473CDF-442E-4995-A8C8-F7A8BB6DCC9B}.Debug|Any CPU.ActiveCfg = Debug|Any CPU
		{84473CDF-442E-4995-A8C8-F7A8BB6DCC9B}.Debug|Any CPU.Build.0 = Debug|Any CPU
		{84473CDF-442E-4995-A8C8-F7A8BB6DCC9B}.Release|Any CPU.ActiveCfg = Release|Any CPU
		{84473CDF-442E-4995-A8C8-F7A8BB6DCC9B}.Release|Any CPU.Build.0 = Release|Any CPU
	EndGlobalSection
	GlobalSection(SolutionProperties) = preSolution
		HideSolutionNode = FALSE
	EndGlobalSection
	GlobalSection(ExtensibilityGlobals) = postSolution
		SolutionGuid = {598FCA35-CA4F-489D-B438-5C17FD1CE3E6}
	EndGlobalSection
EndGlobal
