
Microsoft Visual Studio Solution File, Format Version 12.00
# Visual Studio Version 17
VisualStudioVersion = 17.1.32319.34
MinimumVisualStudioVersion = 10.0.40219.1
Project("{FAE04EC0-301F-11D3-BF4B-00C04F79EFBC}") = "Entidades", "Entidades\Entidades.csproj", "{8B347838-7B65-476E-8122-350165BCD988}"
EndProject
Project("{FAE04EC0-301F-11D3-BF4B-00C04F79EFBC}") = "Vista", "Vista\Vista.csproj", "{1781637A-735F-4BA7-8883-FF90B5E85322}"
EndProject
Global
	GlobalSection(SolutionConfigurationPlatforms) = preSolution
		Debug|Any CPU = Debug|Any CPU
		Release|Any CPU = Release|Any CPU
	EndGlobalSection
	GlobalSection(ProjectConfigurationPlatforms) = postSolution
		{8B347838-7B65-476E-8122-350165BCD988}.Debug|Any CPU.ActiveCfg = Debug|Any CPU
		{8B347838-7B65-476E-8122-350165BCD988}.Debug|Any CPU.Build.0 = Debug|Any CPU
		{8B347838-7B65-476E-8122-350165BCD988}.Release|Any CPU.ActiveCfg = Release|Any CPU
		{8B347838-7B65-476E-8122-350165BCD988}.Release|Any CPU.Build.0 = Release|Any CPU
		{1781637A-735F-4BA7-8883-FF90B5E85322}.Debug|Any CPU.ActiveCfg = Debug|Any CPU
		{1781637A-735F-4BA7-8883-FF90B5E85322}.Debug|Any CPU.Build.0 = Debug|Any CPU
		{1781637A-735F-4BA7-8883-FF90B5E85322}.Release|Any CPU.ActiveCfg = Release|Any CPU
		{1781637A-735F-4BA7-8883-FF90B5E85322}.Release|Any CPU.Build.0 = Release|Any CPU
	EndGlobalSection
	GlobalSection(SolutionProperties) = preSolution
		HideSolutionNode = FALSE
	EndGlobalSection
	GlobalSection(ExtensibilityGlobals) = postSolution
		SolutionGuid = {02059631-3F46-4CEC-A65D-1721DC711F2A}
	EndGlobalSection
EndGlobal
